{
    "_meta": {
        "hash": {
            "sha256": "46d0aa0264c360ccae895d67befc854ee479948736d5996dc52ee946c74e1f57"
        },
        "pipfile-spec": 6,
        "requires": {
            "python_version": "3.9"
        },
        "sources": [
            {
                "name": "pypi",
                "url": "https://pypi.org/simple",
                "verify_ssl": true
            }
        ]
    },
    "default": {
        "fonttools": {
            "hashes": [
                "sha256:1933415e0fbdf068815cb1baaa1f159e17830215f7e8624e5731122761627557",
                "sha256:2b18a172120e32128a80efee04cff487d5d140fe7d817deb648b2eee023a40e4"
            ],
            "index": "pypi",
            "version": "==4.29.1"
        }
    },
    "develop": {}
}
